
Microsoft Visual Studio Solution File, Format Version 12.00
# Visual Studio Version 17
VisualStudioVersion = 17.4.33205.214
MinimumVisualStudioVersion = 10.0.40219.1
Project("{FAE04EC0-301F-11D3-BF4B-00C04F79EFBC}") = "RentACar", "RentACar\RentACar.csproj", "{0BAF07ED-B3B5-41BB-8094-A260EA771213}"
EndProject
Global
	GlobalSection(SolutionConfigurationPlatforms) = preSolution
		Debug|Any CPU = Debug|Any CPU
		Release|Any CPU = Release|Any CPU
	EndGlobalSection
	GlobalSection(ProjectConfigurationPlatforms) = postSolution
		{0BAF07ED-B3B5-41BB-8094-A260EA771213}.Debug|Any CPU.ActiveCfg = Debug|Any CPU
		{0BAF07ED-B3B5-41BB-8094-A260EA771213}.Debug|Any CPU.Build.0 = Debug|Any CPU
		{0BAF07ED-B3B5-41BB-8094-A260EA771213}.Release|Any CPU.ActiveCfg = Release|Any CPU
		{0BAF07ED-B3B5-41BB-8094-A260EA771213}.Release|Any CPU.Build.0 = Release|Any CPU
	EndGlobalSection
	GlobalSection(SolutionProperties) = preSolution
		HideSolutionNode = FALSE
	EndGlobalSection
	GlobalSection(ExtensibilityGlobals) = postSolution
		SolutionGuid = {320FFCA1-E802-4B7B-9141-B25E9975BE37}
	EndGlobalSection
EndGlobal
